
Microsoft Visual Studio Solution File, Format Version 12.00
# Visual Studio 15
VisualStudioVersion = 15.0.28010.2046
MinimumVisualStudioVersion = 10.0.40219.1
Project("{FAE04EC0-301F-11D3-BF4B-00C04F79EFBC}") = "WebAndApiAutomation.Tests", "WebAndApiAutomation.Tests\WebAndApiAutomation.Tests.csproj", "{D8240CEE-88A4-475E-A6D7-F8A7266E6507}"
	ProjectSection(ProjectDependencies) = postProject
		{CA40AA39-2DD5-4B9F-97E2-EA1EE4209A1F} = {CA40AA39-2DD5-4B9F-97E2-EA1EE4209A1F}
	EndProjectSection
EndProject
Project("{FAE04EC0-301F-11D3-BF4B-00C04F79EFBC}") = "WebAndWebApiAutomation", "WebAndWebApiAutomation\WebAndWebApiAutomation.csproj", "{CA40AA39-2DD5-4B9F-97E2-EA1EE4209A1F}"
EndProject
Global
	GlobalSection(SolutionConfigurationPlatforms) = preSolution
		Debug|Any CPU = Debug|Any CPU
		Release|Any CPU = Release|Any CPU
	EndGlobalSection
	GlobalSection(ProjectConfigurationPlatforms) = postSolution
		{D8240CEE-88A4-475E-A6D7-F8A7266E6507}.Debug|Any CPU.ActiveCfg = Debug|Any CPU
		{D8240CEE-88A4-475E-A6D7-F8A7266E6507}.Debug|Any CPU.Build.0 = Debug|Any CPU
		{D8240CEE-88A4-475E-A6D7-F8A7266E6507}.Release|Any CPU.ActiveCfg = Release|Any CPU
		{D8240CEE-88A4-475E-A6D7-F8A7266E6507}.Release|Any CPU.Build.0 = Release|Any CPU
		{CA40AA39-2DD5-4B9F-97E2-EA1EE4209A1F}.Debug|Any CPU.ActiveCfg = Debug|Any CPU
		{CA40AA39-2DD5-4B9F-97E2-EA1EE4209A1F}.Debug|Any CPU.Build.0 = Debug|Any CPU
		{CA40AA39-2DD5-4B9F-97E2-EA1EE4209A1F}.Release|Any CPU.ActiveCfg = Release|Any CPU
		{CA40AA39-2DD5-4B9F-97E2-EA1EE4209A1F}.Release|Any CPU.Build.0 = Release|Any CPU
	EndGlobalSection
	GlobalSection(SolutionProperties) = preSolution
		HideSolutionNode = FALSE
	EndGlobalSection
	GlobalSection(ExtensibilityGlobals) = postSolution
		SolutionGuid = {262D9DFF-2892-409F-A272-A8A69AC369AF}
	EndGlobalSection
EndGlobal
