
Microsoft Visual Studio Solution File, Format Version 12.00
# Visual Studio Version 17
VisualStudioVersion = 17.5.33516.290
MinimumVisualStudioVersion = 10.0.40219.1
Project("{9A19103F-16F7-4668-BE54-9A1E7A4F7556}") = "WebAutomationToolKit", "src\WebAutomationToolKit\WebAutomationToolKit.csproj", "{9A0C4BF4-00AE-4071-80A1-3098699F54E1}"
EndProject
Project("{9A19103F-16F7-4668-BE54-9A1E7A4F7556}") = "WebAutomationToolKit.Tests", "tests\WebAutomationToolKit.Tests\WebAutomationToolKit.Tests.csproj", "{BE138DFF-1F26-4096-B2E3-0CDB3C955F31}"
EndProject
Global
	GlobalSection(SolutionConfigurationPlatforms) = preSolution
		Debug|Any CPU = Debug|Any CPU
		Release|Any CPU = Release|Any CPU
	EndGlobalSection
	GlobalSection(ProjectConfigurationPlatforms) = postSolution
		{9A0C4BF4-00AE-4071-80A1-3098699F54E1}.Debug|Any CPU.ActiveCfg = Debug|Any CPU
		{9A0C4BF4-00AE-4071-80A1-3098699F54E1}.Debug|Any CPU.Build.0 = Debug|Any CPU
		{9A0C4BF4-00AE-4071-80A1-3098699F54E1}.Release|Any CPU.ActiveCfg = Release|Any CPU
		{9A0C4BF4-00AE-4071-80A1-3098699F54E1}.Release|Any CPU.Build.0 = Release|Any CPU
		{BE138DFF-1F26-4096-B2E3-0CDB3C955F31}.Debug|Any CPU.ActiveCfg = Debug|Any CPU
		{BE138DFF-1F26-4096-B2E3-0CDB3C955F31}.Debug|Any CPU.Build.0 = Debug|Any CPU
		{BE138DFF-1F26-4096-B2E3-0CDB3C955F31}.Release|Any CPU.ActiveCfg = Release|Any CPU
		{BE138DFF-1F26-4096-B2E3-0CDB3C955F31}.Release|Any CPU.Build.0 = Release|Any CPU
	EndGlobalSection
	GlobalSection(SolutionProperties) = preSolution
		HideSolutionNode = FALSE
	EndGlobalSection
	GlobalSection(ExtensibilityGlobals) = postSolution
		SolutionGuid = {262D9DFF-2892-409F-A272-A8A69AC369AF}
	EndGlobalSection
EndGlobal
